
Microsoft Visual Studio Solution File, Format Version 12.00
# Visual Studio Version 16
VisualStudioVersion = 16.0.29319.158
MinimumVisualStudioVersion = 10.0.40219.1
Project("{2150E333-8FDC-42A3-9474-1A3956D46DE8}") = "src", "src", "{6A79DAD3-9AEF-47C3-9BF4-BF27365F3BF0}"
EndProject
Project("{9A19103F-16F7-4668-BE54-9A1E7A4F7556}") = "WebWindow", "src\WebWindow\WebWindow.csproj", "{61434CA9-A095-4F9D-89CD-246F4A6A72D2}"
EndProject
Project("{8BC9CEB8-8B4A-11D0-8D11-00A0C91BC942}") = "WebWindow.Native", "src\WebWindow.Native\WebWindow.Native.vcxproj", "{B326B50A-F623-40F1-92F7-1EC6A5A48DAC}"
EndProject
Project("{9A19103F-16F7-4668-BE54-9A1E7A4F7556}") = "WebWindow.Blazor", "src\WebWindow.Blazor\WebWindow.Blazor.csproj", "{56FE2489-3A7C-4C98-AF32-B1F84A6E1EFB}"
EndProject
Project("{9A19103F-16F7-4668-BE54-9A1E7A4F7556}") = "WebWindow.Blazor.JS", "src\WebWindow.Blazor.JS\WebWindow.Blazor.JS.csproj", "{7B27AF53-071D-4E85-9D1B-8379E1FAC756}"
EndProject
Project("{9A19103F-16F7-4668-BE54-9A1E7A4F7556}") = "OpenNetLinkApp", "src\OpenNetLinkApp\OpenNetLinkApp.csproj", "{7F18422E-F4FC-4D06-977D-8AAE3425362B}"
EndProject
Project("{9A19103F-16F7-4668-BE54-9A1E7A4F7556}") = "AgLogManager", "src\AgLogManager\AgLogManager.csproj", "{29005F61-ADE0-45BF-B12B-A281056DD2AE}"
EndProject
Project("{2150E333-8FDC-42A3-9474-1A3956D46DE8}") = "Solution Items", "Solution Items", "{9DCE76D7-1D4F-4A22-9EC1-D2A1C5EF9FEA}"
	ProjectSection(SolutionItems) = preProject
		.editorconfig = .editorconfig
	EndProjectSection
EndProject
Project("{9A19103F-16F7-4668-BE54-9A1E7A4F7556}") = "BlazorInputFile", "src\BlazorInputFile\BlazorInputFile.csproj", "{29FE0215-B064-4703-8595-E2CA632494EE}"
EndProject
Project("{9A19103F-16F7-4668-BE54-9A1E7A4F7556}") = "PreviewUtil", "src\PreviewUtil\PreviewUtil.csproj", "{DB18DE49-DE40-48A3-A3A8-88CB8BD27E2F}"
EndProject
Project("{9A19103F-16F7-4668-BE54-9A1E7A4F7556}") = "ContextTransferClient", "src\ContextTransferClient\ContextTransferClient.csproj", "{5956C320-F1AB-4DD7-8C49-575CD96C6DDF}"
EndProject
Project("{9A19103F-16F7-4668-BE54-9A1E7A4F7556}") = "HsNetWorkSG", "..\openNetLib\HsNetWorkSG\HsNetWorkSG.csproj", "{678E9AEF-452A-4A03-8896-D34BDB818504}"
EndProject
Project("{9A19103F-16F7-4668-BE54-9A1E7A4F7556}") = "OfficeExtractor", "src\OfficeExtractorLibrary\OfficeExtractor\OfficeExtractor.csproj", "{43883276-4BB0-4491-9F0A-5CEEF0A648E3}"
EndProject
Global
	GlobalSection(SolutionConfigurationPlatforms) = preSolution
		Debug|Any CPU = Debug|Any CPU
		Debug|x64 = Debug|x64
		Debug|x86 = Debug|x86
		Release|Any CPU = Release|Any CPU
		Release|x64 = Release|x64
		Release|x86 = Release|x86
	EndGlobalSection
	GlobalSection(ProjectConfigurationPlatforms) = postSolution
		{61434CA9-A095-4F9D-89CD-246F4A6A72D2}.Debug|Any CPU.ActiveCfg = Debug|Any CPU
		{61434CA9-A095-4F9D-89CD-246F4A6A72D2}.Debug|Any CPU.Build.0 = Debug|Any CPU
		{61434CA9-A095-4F9D-89CD-246F4A6A72D2}.Debug|x64.ActiveCfg = Debug|Any CPU
		{61434CA9-A095-4F9D-89CD-246F4A6A72D2}.Debug|x64.Build.0 = Debug|Any CPU
		{61434CA9-A095-4F9D-89CD-246F4A6A72D2}.Debug|x86.ActiveCfg = Debug|Any CPU
		{61434CA9-A095-4F9D-89CD-246F4A6A72D2}.Debug|x86.Build.0 = Debug|Any CPU
		{61434CA9-A095-4F9D-89CD-246F4A6A72D2}.Release|Any CPU.ActiveCfg = Release|Any CPU
		{61434CA9-A095-4F9D-89CD-246F4A6A72D2}.Release|Any CPU.Build.0 = Release|Any CPU
		{61434CA9-A095-4F9D-89CD-246F4A6A72D2}.Release|x64.ActiveCfg = Release|Any CPU
		{61434CA9-A095-4F9D-89CD-246F4A6A72D2}.Release|x64.Build.0 = Release|Any CPU
		{61434CA9-A095-4F9D-89CD-246F4A6A72D2}.Release|x86.ActiveCfg = Release|Any CPU
		{61434CA9-A095-4F9D-89CD-246F4A6A72D2}.Release|x86.Build.0 = Release|Any CPU
		{B326B50A-F623-40F1-92F7-1EC6A5A48DAC}.Debug|Any CPU.ActiveCfg = Debug|Win32
		{B326B50A-F623-40F1-92F7-1EC6A5A48DAC}.Debug|x64.ActiveCfg = Debug|x64
		{B326B50A-F623-40F1-92F7-1EC6A5A48DAC}.Debug|x64.Build.0 = Debug|x64
		{B326B50A-F623-40F1-92F7-1EC6A5A48DAC}.Debug|x86.ActiveCfg = Debug|Win32
		{B326B50A-F623-40F1-92F7-1EC6A5A48DAC}.Debug|x86.Build.0 = Debug|Win32
		{B326B50A-F623-40F1-92F7-1EC6A5A48DAC}.Release|Any CPU.ActiveCfg = Release|Win32
		{B326B50A-F623-40F1-92F7-1EC6A5A48DAC}.Release|x64.ActiveCfg = Release|x64
		{B326B50A-F623-40F1-92F7-1EC6A5A48DAC}.Release|x64.Build.0 = Release|x64
		{B326B50A-F623-40F1-92F7-1EC6A5A48DAC}.Release|x86.ActiveCfg = Release|Win32
		{B326B50A-F623-40F1-92F7-1EC6A5A48DAC}.Release|x86.Build.0 = Release|Win32
		{56FE2489-3A7C-4C98-AF32-B1F84A6E1EFB}.Debug|Any CPU.ActiveCfg = Debug|Any CPU
		{56FE2489-3A7C-4C98-AF32-B1F84A6E1EFB}.Debug|Any CPU.Build.0 = Debug|Any CPU
		{56FE2489-3A7C-4C98-AF32-B1F84A6E1EFB}.Debug|x64.ActiveCfg = Debug|Any CPU
		{56FE2489-3A7C-4C98-AF32-B1F84A6E1EFB}.Debug|x64.Build.0 = Debug|Any CPU
		{56FE2489-3A7C-4C98-AF32-B1F84A6E1EFB}.Debug|x86.ActiveCfg = Debug|Any CPU
		{56FE2489-3A7C-4C98-AF32-B1F84A6E1EFB}.Debug|x86.Build.0 = Debug|Any CPU
		{56FE2489-3A7C-4C98-AF32-B1F84A6E1EFB}.Release|Any CPU.ActiveCfg = Release|Any CPU
		{56FE2489-3A7C-4C98-AF32-B1F84A6E1EFB}.Release|Any CPU.Build.0 = Release|Any CPU
		{56FE2489-3A7C-4C98-AF32-B1F84A6E1EFB}.Release|x64.ActiveCfg = Release|Any CPU
		{56FE2489-3A7C-4C98-AF32-B1F84A6E1EFB}.Release|x64.Build.0 = Release|Any CPU
		{56FE2489-3A7C-4C98-AF32-B1F84A6E1EFB}.Release|x86.ActiveCfg = Release|Any CPU
		{56FE2489-3A7C-4C98-AF32-B1F84A6E1EFB}.Release|x86.Build.0 = Release|Any CPU
		{7B27AF53-071D-4E85-9D1B-8379E1FAC756}.Debug|Any CPU.ActiveCfg = Debug|Any CPU
		{7B27AF53-071D-4E85-9D1B-8379E1FAC756}.Debug|Any CPU.Build.0 = Debug|Any CPU
		{7B27AF53-071D-4E85-9D1B-8379E1FAC756}.Debug|x64.ActiveCfg = Debug|Any CPU
		{7B27AF53-071D-4E85-9D1B-8379E1FAC756}.Debug|x64.Build.0 = Debug|Any CPU
		{7B27AF53-071D-4E85-9D1B-8379E1FAC756}.Debug|x86.ActiveCfg = Debug|Any CPU
		{7B27AF53-071D-4E85-9D1B-8379E1FAC756}.Debug|x86.Build.0 = Debug|Any CPU
		{7B27AF53-071D-4E85-9D1B-8379E1FAC756}.Release|Any CPU.ActiveCfg = Release|Any CPU
		{7B27AF53-071D-4E85-9D1B-8379E1FAC756}.Release|Any CPU.Build.0 = Release|Any CPU
		{7B27AF53-071D-4E85-9D1B-8379E1FAC756}.Release|x64.ActiveCfg = Release|Any CPU
		{7B27AF53-071D-4E85-9D1B-8379E1FAC756}.Release|x64.Build.0 = Release|Any CPU
		{7B27AF53-071D-4E85-9D1B-8379E1FAC756}.Release|x86.ActiveCfg = Release|Any CPU
		{7B27AF53-071D-4E85-9D1B-8379E1FAC756}.Release|x86.Build.0 = Release|Any CPU
		{7F18422E-F4FC-4D06-977D-8AAE3425362B}.Debug|Any CPU.ActiveCfg = Debug|Any CPU
		{7F18422E-F4FC-4D06-977D-8AAE3425362B}.Debug|Any CPU.Build.0 = Debug|Any CPU
		{7F18422E-F4FC-4D06-977D-8AAE3425362B}.Debug|x64.ActiveCfg = Debug|Any CPU
		{7F18422E-F4FC-4D06-977D-8AAE3425362B}.Debug|x64.Build.0 = Debug|Any CPU
		{7F18422E-F4FC-4D06-977D-8AAE3425362B}.Debug|x86.ActiveCfg = Debug|Any CPU
		{7F18422E-F4FC-4D06-977D-8AAE3425362B}.Debug|x86.Build.0 = Debug|Any CPU
		{7F18422E-F4FC-4D06-977D-8AAE3425362B}.Release|Any CPU.ActiveCfg = Release|Any CPU
		{7F18422E-F4FC-4D06-977D-8AAE3425362B}.Release|Any CPU.Build.0 = Release|Any CPU
		{7F18422E-F4FC-4D06-977D-8AAE3425362B}.Release|x64.ActiveCfg = Release|Any CPU
		{7F18422E-F4FC-4D06-977D-8AAE3425362B}.Release|x64.Build.0 = Release|Any CPU
		{7F18422E-F4FC-4D06-977D-8AAE3425362B}.Release|x86.ActiveCfg = Release|Any CPU
		{7F18422E-F4FC-4D06-977D-8AAE3425362B}.Release|x86.Build.0 = Release|Any CPU
		{29005F61-ADE0-45BF-B12B-A281056DD2AE}.Debug|Any CPU.ActiveCfg = Debug|Any CPU
		{29005F61-ADE0-45BF-B12B-A281056DD2AE}.Debug|Any CPU.Build.0 = Debug|Any CPU
		{29005F61-ADE0-45BF-B12B-A281056DD2AE}.Debug|x64.ActiveCfg = Debug|Any CPU
		{29005F61-ADE0-45BF-B12B-A281056DD2AE}.Debug|x64.Build.0 = Debug|Any CPU
		{29005F61-ADE0-45BF-B12B-A281056DD2AE}.Debug|x86.ActiveCfg = Debug|Any CPU
		{29005F61-ADE0-45BF-B12B-A281056DD2AE}.Debug|x86.Build.0 = Debug|Any CPU
		{29005F61-ADE0-45BF-B12B-A281056DD2AE}.Release|Any CPU.ActiveCfg = Release|Any CPU
		{29005F61-ADE0-45BF-B12B-A281056DD2AE}.Release|Any CPU.Build.0 = Release|Any CPU
		{29005F61-ADE0-45BF-B12B-A281056DD2AE}.Release|x64.ActiveCfg = Release|Any CPU
		{29005F61-ADE0-45BF-B12B-A281056DD2AE}.Release|x64.Build.0 = Release|Any CPU
		{29005F61-ADE0-45BF-B12B-A281056DD2AE}.Release|x86.ActiveCfg = Release|Any CPU
		{29005F61-ADE0-45BF-B12B-A281056DD2AE}.Release|x86.Build.0 = Release|Any CPU
		{29FE0215-B064-4703-8595-E2CA632494EE}.Debug|Any CPU.ActiveCfg = Debug|Any CPU
		{29FE0215-B064-4703-8595-E2CA632494EE}.Debug|Any CPU.Build.0 = Debug|Any CPU
		{29FE0215-B064-4703-8595-E2CA632494EE}.Debug|x64.ActiveCfg = Debug|Any CPU
		{29FE0215-B064-4703-8595-E2CA632494EE}.Debug|x64.Build.0 = Debug|Any CPU
		{29FE0215-B064-4703-8595-E2CA632494EE}.Debug|x86.ActiveCfg = Debug|Any CPU
		{29FE0215-B064-4703-8595-E2CA632494EE}.Debug|x86.Build.0 = Debug|Any CPU
		{29FE0215-B064-4703-8595-E2CA632494EE}.Release|Any CPU.ActiveCfg = Release|Any CPU
		{29FE0215-B064-4703-8595-E2CA632494EE}.Release|Any CPU.Build.0 = Release|Any CPU
		{29FE0215-B064-4703-8595-E2CA632494EE}.Release|x64.ActiveCfg = Release|Any CPU
		{29FE0215-B064-4703-8595-E2CA632494EE}.Release|x64.Build.0 = Release|Any CPU
		{29FE0215-B064-4703-8595-E2CA632494EE}.Release|x86.ActiveCfg = Release|Any CPU
		{29FE0215-B064-4703-8595-E2CA632494EE}.Release|x86.Build.0 = Release|Any CPU
		{DB18DE49-DE40-48A3-A3A8-88CB8BD27E2F}.Debug|Any CPU.ActiveCfg = Debug|Any CPU
		{DB18DE49-DE40-48A3-A3A8-88CB8BD27E2F}.Debug|Any CPU.Build.0 = Debug|Any CPU
		{DB18DE49-DE40-48A3-A3A8-88CB8BD27E2F}.Debug|x64.ActiveCfg = Debug|Any CPU
		{DB18DE49-DE40-48A3-A3A8-88CB8BD27E2F}.Debug|x64.Build.0 = Debug|Any CPU
		{DB18DE49-DE40-48A3-A3A8-88CB8BD27E2F}.Debug|x86.ActiveCfg = Debug|Any CPU
		{DB18DE49-DE40-48A3-A3A8-88CB8BD27E2F}.Debug|x86.Build.0 = Debug|Any CPU
		{DB18DE49-DE40-48A3-A3A8-88CB8BD27E2F}.Release|Any CPU.ActiveCfg = Release|Any CPU
		{DB18DE49-DE40-48A3-A3A8-88CB8BD27E2F}.Release|Any CPU.Build.0 = Release|Any CPU
		{DB18DE49-DE40-48A3-A3A8-88CB8BD27E2F}.Release|x64.ActiveCfg = Release|Any CPU
		{DB18DE49-DE40-48A3-A3A8-88CB8BD27E2F}.Release|x64.Build.0 = Release|Any CPU
		{DB18DE49-DE40-48A3-A3A8-88CB8BD27E2F}.Release|x86.ActiveCfg = Release|Any CPU
		{DB18DE49-DE40-48A3-A3A8-88CB8BD27E2F}.Release|x86.Build.0 = Release|Any CPU
		{5956C320-F1AB-4DD7-8C49-575CD96C6DDF}.Debug|Any CPU.ActiveCfg = Debug|Any CPU
		{5956C320-F1AB-4DD7-8C49-575CD96C6DDF}.Debug|Any CPU.Build.0 = Debug|Any CPU
		{5956C320-F1AB-4DD7-8C49-575CD96C6DDF}.Debug|x64.ActiveCfg = Debug|Any CPU
		{5956C320-F1AB-4DD7-8C49-575CD96C6DDF}.Debug|x64.Build.0 = Debug|Any CPU
		{5956C320-F1AB-4DD7-8C49-575CD96C6DDF}.Debug|x86.ActiveCfg = Debug|Any CPU
		{5956C320-F1AB-4DD7-8C49-575CD96C6DDF}.Debug|x86.Build.0 = Debug|Any CPU
		{5956C320-F1AB-4DD7-8C49-575CD96C6DDF}.Release|Any CPU.ActiveCfg = Release|Any CPU
		{5956C320-F1AB-4DD7-8C49-575CD96C6DDF}.Release|Any CPU.Build.0 = Release|Any CPU
		{5956C320-F1AB-4DD7-8C49-575CD96C6DDF}.Release|x64.ActiveCfg = Release|Any CPU
		{5956C320-F1AB-4DD7-8C49-575CD96C6DDF}.Release|x64.Build.0 = Release|Any CPU
		{5956C320-F1AB-4DD7-8C49-575CD96C6DDF}.Release|x86.ActiveCfg = Release|Any CPU
		{5956C320-F1AB-4DD7-8C49-575CD96C6DDF}.Release|x86.Build.0 = Release|Any CPU
		{678E9AEF-452A-4A03-8896-D34BDB818504}.Debug|Any CPU.ActiveCfg = Debug|Any CPU
		{678E9AEF-452A-4A03-8896-D34BDB818504}.Debug|Any CPU.Build.0 = Debug|Any CPU
		{678E9AEF-452A-4A03-8896-D34BDB818504}.Debug|x64.ActiveCfg = Debug|Any CPU
		{678E9AEF-452A-4A03-8896-D34BDB818504}.Debug|x64.Build.0 = Debug|Any CPU
		{678E9AEF-452A-4A03-8896-D34BDB818504}.Debug|x86.ActiveCfg = Debug|Any CPU
		{678E9AEF-452A-4A03-8896-D34BDB818504}.Debug|x86.Build.0 = Debug|Any CPU
		{678E9AEF-452A-4A03-8896-D34BDB818504}.Release|Any CPU.ActiveCfg = Release|Any CPU
		{678E9AEF-452A-4A03-8896-D34BDB818504}.Release|Any CPU.Build.0 = Release|Any CPU
		{678E9AEF-452A-4A03-8896-D34BDB818504}.Release|x64.ActiveCfg = Release|Any CPU
		{678E9AEF-452A-4A03-8896-D34BDB818504}.Release|x64.Build.0 = Release|Any CPU
		{678E9AEF-452A-4A03-8896-D34BDB818504}.Release|x86.ActiveCfg = Release|Any CPU
		{678E9AEF-452A-4A03-8896-D34BDB818504}.Release|x86.Build.0 = Release|Any CPU
		{43883276-4BB0-4491-9F0A-5CEEF0A648E3}.Debug|Any CPU.ActiveCfg = Debug|Any CPU
		{43883276-4BB0-4491-9F0A-5CEEF0A648E3}.Debug|Any CPU.Build.0 = Debug|Any CPU
		{43883276-4BB0-4491-9F0A-5CEEF0A648E3}.Debug|x64.ActiveCfg = Debug|x64
		{43883276-4BB0-4491-9F0A-5CEEF0A648E3}.Debug|x64.Build.0 = Debug|x64
		{43883276-4BB0-4491-9F0A-5CEEF0A648E3}.Debug|x86.ActiveCfg = Debug|Any CPU
		{43883276-4BB0-4491-9F0A-5CEEF0A648E3}.Debug|x86.Build.0 = Debug|Any CPU
		{43883276-4BB0-4491-9F0A-5CEEF0A648E3}.Release|Any CPU.ActiveCfg = Release|Any CPU
		{43883276-4BB0-4491-9F0A-5CEEF0A648E3}.Release|Any CPU.Build.0 = Release|Any CPU
		{43883276-4BB0-4491-9F0A-5CEEF0A648E3}.Release|x64.ActiveCfg = Release|x64
		{43883276-4BB0-4491-9F0A-5CEEF0A648E3}.Release|x64.Build.0 = Release|x64
		{43883276-4BB0-4491-9F0A-5CEEF0A648E3}.Release|x86.ActiveCfg = Release|Any CPU
		{43883276-4BB0-4491-9F0A-5CEEF0A648E3}.Release|x86.Build.0 = Release|Any CPU
	EndGlobalSection
	GlobalSection(SolutionProperties) = preSolution
		HideSolutionNode = FALSE
	EndGlobalSection
	GlobalSection(NestedProjects) = preSolution
		{61434CA9-A095-4F9D-89CD-246F4A6A72D2} = {6A79DAD3-9AEF-47C3-9BF4-BF27365F3BF0}
		{B326B50A-F623-40F1-92F7-1EC6A5A48DAC} = {6A79DAD3-9AEF-47C3-9BF4-BF27365F3BF0}
		{56FE2489-3A7C-4C98-AF32-B1F84A6E1EFB} = {6A79DAD3-9AEF-47C3-9BF4-BF27365F3BF0}
		{7B27AF53-071D-4E85-9D1B-8379E1FAC756} = {6A79DAD3-9AEF-47C3-9BF4-BF27365F3BF0}
		{7F18422E-F4FC-4D06-977D-8AAE3425362B} = {6A79DAD3-9AEF-47C3-9BF4-BF27365F3BF0}
		{29005F61-ADE0-45BF-B12B-A281056DD2AE} = {6A79DAD3-9AEF-47C3-9BF4-BF27365F3BF0}
		{29FE0215-B064-4703-8595-E2CA632494EE} = {6A79DAD3-9AEF-47C3-9BF4-BF27365F3BF0}
		{DB18DE49-DE40-48A3-A3A8-88CB8BD27E2F} = {6A79DAD3-9AEF-47C3-9BF4-BF27365F3BF0}
		{5956C320-F1AB-4DD7-8C49-575CD96C6DDF} = {6A79DAD3-9AEF-47C3-9BF4-BF27365F3BF0}
		{678E9AEF-452A-4A03-8896-D34BDB818504} = {6A79DAD3-9AEF-47C3-9BF4-BF27365F3BF0}
		{43883276-4BB0-4491-9F0A-5CEEF0A648E3} = {6A79DAD3-9AEF-47C3-9BF4-BF27365F3BF0}
	EndGlobalSection
	GlobalSection(ExtensibilityGlobals) = postSolution
		SolutionGuid = {27582E6D-A662-4DF3-834C-74D0A94025A1}
	EndGlobalSection
EndGlobal
